
Microsoft Visual Studio Solution File, Format Version 12.00
# Visual Studio Version 17
VisualStudioVersion = 17.14.36327.8 d17.14
MinimumVisualStudioVersion = 10.0.40219.1
Project("{FAE04EC0-301F-11D3-BF4B-00C04F79EFBC}") = "CyberRiskTracker", "CyberRiskTracker.csproj", "{5B30E7C0-AD86-D272-5933-5B2AB6E10F59}"
EndProject
Global
	GlobalSection(SolutionConfigurationPlatforms) = preSolution
		Debug|Any CPU = Debug|Any CPU
		Release|Any CPU = Release|Any CPU
	EndGlobalSection
	GlobalSection(ProjectConfigurationPlatforms) = postSolution
		{5B30E7C0-AD86-D272-5933-5B2AB6E10F59}.Debug|Any CPU.ActiveCfg = Debug|Any CPU
		{5B30E7C0-AD86-D272-5933-5B2AB6E10F59}.Debug|Any CPU.Build.0 = Debug|Any CPU
		{5B30E7C0-AD86-D272-5933-5B2AB6E10F59}.Release|Any CPU.ActiveCfg = Release|Any CPU
		{5B30E7C0-AD86-D272-5933-5B2AB6E10F59}.Release|Any CPU.Build.0 = Release|Any CPU
	EndGlobalSection
	GlobalSection(SolutionProperties) = preSolution
		HideSolutionNode = FALSE
	EndGlobalSection
	GlobalSection(ExtensibilityGlobals) = postSolution
		SolutionGuid = {5A4BC9A1-99C2-4519-B75A-ADE1E554CB9A}
	EndGlobalSection
EndGlobal
